apiVersion: vendir.k14s.io/v1alpha1
directories:
- contents:
  - git:
      commitTitle: 'chore: release v0.19.1...'
      sha: a7c58ec6a73eac35f003484e7f2ef603b69270c4
      tags:
      - v0.19.1
    path: proxmox-csi-plugin
  path: vendor
- contents:
  - directory: {}
    path: .
  path: helm/proxmox-csi-plugin
kind: LockConfig
