apiVersion: vendir.k14s.io/v1alpha1
directories:
- contents:
  - git:
      commitTitle: 'chore: release v0.20.0...'
      sha: a7aacee7a2144a43be08503068fe0b9caf3d0b4e
      tags:
      - v0.20.0
    path: proxmox-csi-plugin
  path: vendor
- contents:
  - directory: {}
    path: .
  path: helm/proxmox-csi-plugin
kind: LockConfig
